
Microsoft Visual Studio Solution File, Format Version 12.00
# Visual Studio Version 16
VisualStudioVersion = 25.0.1706.12
MinimumVisualStudioVersion = 10.0.40219.1
Project("{FAE04EC0-301F-11D3-BF4B-00C04F79EFBC}") = "MVC-Project", "MVC-Project\MVC-Project.csproj", "{0BD1B99A-8B53-45D9-A6D1-F13CE9AF18A4}"
EndProject
Global
	GlobalSection(SolutionConfigurationPlatforms) = preSolution
		Debug|Any CPU = Debug|Any CPU
		Release|Any CPU = Release|Any CPU
	EndGlobalSection
	GlobalSection(ProjectConfigurationPlatforms) = postSolution
		{0BD1B99A-8B53-45D9-A6D1-F13CE9AF18A4}.Debug|Any CPU.ActiveCfg = Debug|Any CPU
		{0BD1B99A-8B53-45D9-A6D1-F13CE9AF18A4}.Debug|Any CPU.Build.0 = Debug|Any CPU
		{0BD1B99A-8B53-45D9-A6D1-F13CE9AF18A4}.Release|Any CPU.ActiveCfg = Release|Any CPU
		{0BD1B99A-8B53-45D9-A6D1-F13CE9AF18A4}.Release|Any CPU.Build.0 = Release|Any CPU
	EndGlobalSection
	GlobalSection(SolutionProperties) = preSolution
		HideSolutionNode = FALSE
	EndGlobalSection
	GlobalSection(ExtensibilityGlobals) = postSolution
		SolutionGuid = {A792208D-122C-4977-9442-39363214E639}
	EndGlobalSection
EndGlobal
